
Microsoft Visual Studio Solution File, Format Version 12.00
# Visual Studio Version 17
VisualStudioVersion = 17.10.34928.147
MinimumVisualStudioVersion = 10.0.40219.1
Project("{FAE04EC0-301F-11D3-BF4B-00C04F79EFBC}") = "PureFunctions", "PureFunction\PureFunctions.csproj", "{043DFAAB-867B-40B8-A49E-04149115244D}"
EndProject
Project("{FAE04EC0-301F-11D3-BF4B-00C04F79EFBC}") = "Immutability", "Immutability\Immutability.csproj", "{8AF4A9CD-B8CC-4238-B7F4-0E4603682163}"
EndProject
Project("{FAE04EC0-301F-11D3-BF4B-00C04F79EFBC}") = "FirstClassFunctions", "FirstClassFunctions\FirstClassFunctions.csproj", "{B727400B-A438-4760-BC63-C9A34B70E563}"
EndProject
Project("{FAE04EC0-301F-11D3-BF4B-00C04F79EFBC}") = "HighOrderFunctions", "HighOrderFunctions\HighOrderFunctions.csproj", "{A2C8DA01-5297-43AB-B443-C2F9F804F02D}"
EndProject
Project("{FAE04EC0-301F-11D3-BF4B-00C04F79EFBC}") = "FunctionComposition", "FunctionComposition\FunctionComposition.csproj", "{B542FFE4-B2F9-4D8B-9EAA-8355B7B66694}"
EndProject
Global
	GlobalSection(SolutionConfigurationPlatforms) = preSolution
		Debug|Any CPU = Debug|Any CPU
		Release|Any CPU = Release|Any CPU
	EndGlobalSection
	GlobalSection(ProjectConfigurationPlatforms) = postSolution
		{043DFAAB-867B-40B8-A49E-04149115244D}.Debug|Any CPU.ActiveCfg = Debug|Any CPU
		{043DFAAB-867B-40B8-A49E-04149115244D}.Debug|Any CPU.Build.0 = Debug|Any CPU
		{043DFAAB-867B-40B8-A49E-04149115244D}.Release|Any CPU.ActiveCfg = Release|Any CPU
		{043DFAAB-867B-40B8-A49E-04149115244D}.Release|Any CPU.Build.0 = Release|Any CPU
		{8AF4A9CD-B8CC-4238-B7F4-0E4603682163}.Debug|Any CPU.ActiveCfg = Debug|Any CPU
		{8AF4A9CD-B8CC-4238-B7F4-0E4603682163}.Debug|Any CPU.Build.0 = Debug|Any CPU
		{8AF4A9CD-B8CC-4238-B7F4-0E4603682163}.Release|Any CPU.ActiveCfg = Release|Any CPU
		{8AF4A9CD-B8CC-4238-B7F4-0E4603682163}.Release|Any CPU.Build.0 = Release|Any CPU
		{B727400B-A438-4760-BC63-C9A34B70E563}.Debug|Any CPU.ActiveCfg = Debug|Any CPU
		{B727400B-A438-4760-BC63-C9A34B70E563}.Debug|Any CPU.Build.0 = Debug|Any CPU
		{B727400B-A438-4760-BC63-C9A34B70E563}.Release|Any CPU.ActiveCfg = Release|Any CPU
		{B727400B-A438-4760-BC63-C9A34B70E563}.Release|Any CPU.Build.0 = Release|Any CPU
		{A2C8DA01-5297-43AB-B443-C2F9F804F02D}.Debug|Any CPU.ActiveCfg = Debug|Any CPU
		{A2C8DA01-5297-43AB-B443-C2F9F804F02D}.Debug|Any CPU.Build.0 = Debug|Any CPU
		{A2C8DA01-5297-43AB-B443-C2F9F804F02D}.Release|Any CPU.ActiveCfg = Release|Any CPU
		{A2C8DA01-5297-43AB-B443-C2F9F804F02D}.Release|Any CPU.Build.0 = Release|Any CPU
		{B542FFE4-B2F9-4D8B-9EAA-8355B7B66694}.Debug|Any CPU.ActiveCfg = Debug|Any CPU
		{B542FFE4-B2F9-4D8B-9EAA-8355B7B66694}.Debug|Any CPU.Build.0 = Debug|Any CPU
		{B542FFE4-B2F9-4D8B-9EAA-8355B7B66694}.Release|Any CPU.ActiveCfg = Release|Any CPU
		{B542FFE4-B2F9-4D8B-9EAA-8355B7B66694}.Release|Any CPU.Build.0 = Release|Any CPU
	EndGlobalSection
	GlobalSection(SolutionProperties) = preSolution
		HideSolutionNode = FALSE
	EndGlobalSection
	GlobalSection(ExtensibilityGlobals) = postSolution
		SolutionGuid = {EB0DC87A-9311-4B84-B471-FB9A274A335D}
	EndGlobalSection
EndGlobal
