
Microsoft Visual Studio Solution File, Format Version 12.00
# Visual Studio Version 17
VisualStudioVersion = 17.10.34928.147
MinimumVisualStudioVersion = 10.0.40219.1
Project("{9A19103F-16F7-4668-BE54-9A1E7A4F7556}") = "LSV(Liskov Substitution Principle)", "LSV(Liskov Substitution Principle)\LSV(Liskov Substitution Principle).csproj", "{A3F9EFB9-FBD7-4039-A232-4014790C9042}"
EndProject
Project("{9A19103F-16F7-4668-BE54-9A1E7A4F7556}") = "ISP(Interface Segregation Principle)", "ISP(Interface Segregation Principle)\ISP(Interface Segregation Principle).csproj", "{4DA66940-3A6B-4F49-9A0D-2E3446921020}"
EndProject
Project("{9A19103F-16F7-4668-BE54-9A1E7A4F7556}") = "DIP(Dependency Inversion Principle)", "DIP(Dependency Injection Principle)\DIP(Dependency Inversion Principle).csproj", "{79C69517-26F6-4769-8C42-0157F54C3998}"
EndProject
Project("{FAE04EC0-301F-11D3-BF4B-00C04F79EFBC}") = "OCP(OpenClosedPrinciple)", "OCP(OpenClosedPrinciple)\OCP(OpenClosedPrinciple).csproj", "{D3F88044-478A-4B67-9F45-340EDB019A9C}"
EndProject
Project("{FAE04EC0-301F-11D3-BF4B-00C04F79EFBC}") = "SRP(SingleResponsibilityPrinciple)", "SRP(SingleResponsibilityPrinciple)\SRP(SingleResponsibilityPrinciple).csproj", "{06E7C84C-9D5E-4762-BED3-4C175891E5BF}"
EndProject
Global
	GlobalSection(SolutionConfigurationPlatforms) = preSolution
		Debug|Any CPU = Debug|Any CPU
		Release|Any CPU = Release|Any CPU
	EndGlobalSection
	GlobalSection(ProjectConfigurationPlatforms) = postSolution
		{A3F9EFB9-FBD7-4039-A232-4014790C9042}.Debug|Any CPU.ActiveCfg = Debug|Any CPU
		{A3F9EFB9-FBD7-4039-A232-4014790C9042}.Debug|Any CPU.Build.0 = Debug|Any CPU
		{A3F9EFB9-FBD7-4039-A232-4014790C9042}.Release|Any CPU.ActiveCfg = Release|Any CPU
		{A3F9EFB9-FBD7-4039-A232-4014790C9042}.Release|Any CPU.Build.0 = Release|Any CPU
		{4DA66940-3A6B-4F49-9A0D-2E3446921020}.Debug|Any CPU.ActiveCfg = Debug|Any CPU
		{4DA66940-3A6B-4F49-9A0D-2E3446921020}.Debug|Any CPU.Build.0 = Debug|Any CPU
		{4DA66940-3A6B-4F49-9A0D-2E3446921020}.Release|Any CPU.ActiveCfg = Release|Any CPU
		{4DA66940-3A6B-4F49-9A0D-2E3446921020}.Release|Any CPU.Build.0 = Release|Any CPU
		{79C69517-26F6-4769-8C42-0157F54C3998}.Debug|Any CPU.ActiveCfg = Debug|Any CPU
		{79C69517-26F6-4769-8C42-0157F54C3998}.Debug|Any CPU.Build.0 = Debug|Any CPU
		{79C69517-26F6-4769-8C42-0157F54C3998}.Release|Any CPU.ActiveCfg = Release|Any CPU
		{79C69517-26F6-4769-8C42-0157F54C3998}.Release|Any CPU.Build.0 = Release|Any CPU
		{D3F88044-478A-4B67-9F45-340EDB019A9C}.Debug|Any CPU.ActiveCfg = Debug|Any CPU
		{D3F88044-478A-4B67-9F45-340EDB019A9C}.Debug|Any CPU.Build.0 = Debug|Any CPU
		{D3F88044-478A-4B67-9F45-340EDB019A9C}.Release|Any CPU.ActiveCfg = Release|Any CPU
		{D3F88044-478A-4B67-9F45-340EDB019A9C}.Release|Any CPU.Build.0 = Release|Any CPU
		{06E7C84C-9D5E-4762-BED3-4C175891E5BF}.Debug|Any CPU.ActiveCfg = Debug|Any CPU
		{06E7C84C-9D5E-4762-BED3-4C175891E5BF}.Debug|Any CPU.Build.0 = Debug|Any CPU
		{06E7C84C-9D5E-4762-BED3-4C175891E5BF}.Release|Any CPU.ActiveCfg = Release|Any CPU
		{06E7C84C-9D5E-4762-BED3-4C175891E5BF}.Release|Any CPU.Build.0 = Release|Any CPU
	EndGlobalSection
	GlobalSection(SolutionProperties) = preSolution
		HideSolutionNode = FALSE
	EndGlobalSection
	GlobalSection(ExtensibilityGlobals) = postSolution
		SolutionGuid = {B49239CD-A0FA-40CA-B8C8-332962D78710}
	EndGlobalSection
EndGlobal
