
Microsoft Visual Studio Solution File, Format Version 12.00
# Visual Studio Version 17
VisualStudioVersion = 17.9.34728.123
MinimumVisualStudioVersion = 10.0.40219.1
Project("{9A19103F-16F7-4668-BE54-9A1E7A4F7556}") = "Inheritance", "Inheritance\Inheritance.csproj", "{09C90E6C-B8BF-4C4A-A399-38D82F3405C8}"
EndProject
Project("{9A19103F-16F7-4668-BE54-9A1E7A4F7556}") = "Abstraction", "Abstraction\Abstraction.csproj", "{4DEA2A30-9A72-4DCD-8557-5E7EA1493DDE}"
EndProject
Project("{9A19103F-16F7-4668-BE54-9A1E7A4F7556}") = "Encapsulation", "Encapsulation\Encapsulation.csproj", "{9CF8ABF6-7B02-4FAD-9D41-1327150CEA68}"
EndProject
Project("{2150E333-8FDC-42A3-9474-1A3956D46DE8}") = "Polymorphism", "Polymorphism", "{1C899DCB-E0FC-434E-AE4B-159E0E99110B}"
EndProject
Project("{FAE04EC0-301F-11D3-BF4B-00C04F79EFBC}") = "MethodOverloading", "MethodOverloading\MethodOverloading.csproj", "{DC658E9A-C8EB-4E31-8BA3-7D7B635E6FA2}"
EndProject
Project("{FAE04EC0-301F-11D3-BF4B-00C04F79EFBC}") = "MethodOverriding", "MethodOverriding\MethodOverriding.csproj", "{C796C3EB-AD40-4615-B33F-17DB9CB5A4F8}"
EndProject
Global
	GlobalSection(SolutionConfigurationPlatforms) = preSolution
		Debug|Any CPU = Debug|Any CPU
		Release|Any CPU = Release|Any CPU
	EndGlobalSection
	GlobalSection(ProjectConfigurationPlatforms) = postSolution
		{09C90E6C-B8BF-4C4A-A399-38D82F3405C8}.Debug|Any CPU.ActiveCfg = Debug|Any CPU
		{09C90E6C-B8BF-4C4A-A399-38D82F3405C8}.Debug|Any CPU.Build.0 = Debug|Any CPU
		{09C90E6C-B8BF-4C4A-A399-38D82F3405C8}.Release|Any CPU.ActiveCfg = Release|Any CPU
		{09C90E6C-B8BF-4C4A-A399-38D82F3405C8}.Release|Any CPU.Build.0 = Release|Any CPU
		{4DEA2A30-9A72-4DCD-8557-5E7EA1493DDE}.Debug|Any CPU.ActiveCfg = Debug|Any CPU
		{4DEA2A30-9A72-4DCD-8557-5E7EA1493DDE}.Debug|Any CPU.Build.0 = Debug|Any CPU
		{4DEA2A30-9A72-4DCD-8557-5E7EA1493DDE}.Release|Any CPU.ActiveCfg = Release|Any CPU
		{4DEA2A30-9A72-4DCD-8557-5E7EA1493DDE}.Release|Any CPU.Build.0 = Release|Any CPU
		{9CF8ABF6-7B02-4FAD-9D41-1327150CEA68}.Debug|Any CPU.ActiveCfg = Debug|Any CPU
		{9CF8ABF6-7B02-4FAD-9D41-1327150CEA68}.Debug|Any CPU.Build.0 = Debug|Any CPU
		{9CF8ABF6-7B02-4FAD-9D41-1327150CEA68}.Release|Any CPU.ActiveCfg = Release|Any CPU
		{9CF8ABF6-7B02-4FAD-9D41-1327150CEA68}.Release|Any CPU.Build.0 = Release|Any CPU
		{DC658E9A-C8EB-4E31-8BA3-7D7B635E6FA2}.Debug|Any CPU.ActiveCfg = Debug|Any CPU
		{DC658E9A-C8EB-4E31-8BA3-7D7B635E6FA2}.Debug|Any CPU.Build.0 = Debug|Any CPU
		{DC658E9A-C8EB-4E31-8BA3-7D7B635E6FA2}.Release|Any CPU.ActiveCfg = Release|Any CPU
		{DC658E9A-C8EB-4E31-8BA3-7D7B635E6FA2}.Release|Any CPU.Build.0 = Release|Any CPU
		{C796C3EB-AD40-4615-B33F-17DB9CB5A4F8}.Debug|Any CPU.ActiveCfg = Debug|Any CPU
		{C796C3EB-AD40-4615-B33F-17DB9CB5A4F8}.Debug|Any CPU.Build.0 = Debug|Any CPU
		{C796C3EB-AD40-4615-B33F-17DB9CB5A4F8}.Release|Any CPU.ActiveCfg = Release|Any CPU
		{C796C3EB-AD40-4615-B33F-17DB9CB5A4F8}.Release|Any CPU.Build.0 = Release|Any CPU
	EndGlobalSection
	GlobalSection(SolutionProperties) = preSolution
		HideSolutionNode = FALSE
	EndGlobalSection
	GlobalSection(NestedProjects) = preSolution
		{DC658E9A-C8EB-4E31-8BA3-7D7B635E6FA2} = {1C899DCB-E0FC-434E-AE4B-159E0E99110B}
		{C796C3EB-AD40-4615-B33F-17DB9CB5A4F8} = {1C899DCB-E0FC-434E-AE4B-159E0E99110B}
	EndGlobalSection
	GlobalSection(ExtensibilityGlobals) = postSolution
		SolutionGuid = {AE62A030-3C6A-4025-9299-CE16C98ECE55}
	EndGlobalSection
EndGlobal
